
Microsoft Visual Studio Solution File, Format Version 12.00
# Visual Studio 15
VisualStudioVersion = 15.0.27428.2015
MinimumVisualStudioVersion = 10.0.40219.1
Project("{FAE04EC0-301F-11D3-BF4B-00C04F79EFBC}") = "Compare2Images", "Compare2Images.csproj", "{A1DEA1E3-76EE-4F2E-9DBD-D624109058D3}"
EndProject
Global
	GlobalSection(SolutionConfigurationPlatforms) = preSolution
		Debug|Any CPU = Debug|Any CPU
		Release|Any CPU = Release|Any CPU
	EndGlobalSection
	GlobalSection(ProjectConfigurationPlatforms) = postSolution
		{A1DEA1E3-76EE-4F2E-9DBD-D624109058D3}.Debug|Any CPU.ActiveCfg = Debug|Any CPU
		{A1DEA1E3-76EE-4F2E-9DBD-D624109058D3}.Debug|Any CPU.Build.0 = Debug|Any CPU
		{A1DEA1E3-76EE-4F2E-9DBD-D624109058D3}.Release|Any CPU.ActiveCfg = Release|Any CPU
		{A1DEA1E3-76EE-4F2E-9DBD-D624109058D3}.Release|Any CPU.Build.0 = Release|Any CPU
	EndGlobalSection
	GlobalSection(SolutionProperties) = preSolution
		HideSolutionNode = FALSE
	EndGlobalSection
	GlobalSection(ExtensibilityGlobals) = postSolution
		SolutionGuid = {E069DB8E-FFD9-4026-9656-728E088B4561}
	EndGlobalSection
EndGlobal
